
Microsoft Visual Studio Solution File, Format Version 12.00
# Visual Studio Version 17
VisualStudioVersion = 17.5.002.0
MinimumVisualStudioVersion = 10.0.40219.1
Project("{9A19103F-16F7-4668-BE54-9A1E7A4F7556}") = "APICatalogo", "APICatalogo\APICatalogo.csproj", "{CE6DBFAE-3AE6-4AB2-B612-00971FDE294A}"
EndProject
Global
	GlobalSection(SolutionConfigurationPlatforms) = preSolution
		Debug|Any CPU = Debug|Any CPU
		Release|Any CPU = Release|Any CPU
	EndGlobalSection
	GlobalSection(ProjectConfigurationPlatforms) = postSolution
		{CE6DBFAE-3AE6-4AB2-B612-00971FDE294A}.Debug|Any CPU.ActiveCfg = Debug|Any CPU
		{CE6DBFAE-3AE6-4AB2-B612-00971FDE294A}.Debug|Any CPU.Build.0 = Debug|Any CPU
		{CE6DBFAE-3AE6-4AB2-B612-00971FDE294A}.Release|Any CPU.ActiveCfg = Release|Any CPU
		{CE6DBFAE-3AE6-4AB2-B612-00971FDE294A}.Release|Any CPU.Build.0 = Release|Any CPU
	EndGlobalSection
	GlobalSection(SolutionProperties) = preSolution
		HideSolutionNode = FALSE
	EndGlobalSection
	GlobalSection(ExtensibilityGlobals) = postSolution
		SolutionGuid = {DE4AB218-3B09-443E-BBCE-0E89CAB880C0}
	EndGlobalSection
EndGlobal
